
Microsoft Visual Studio Solution File, Format Version 10.00
# Visual Studio 2008
Project("{8BC9CEB8-8B4A-11D0-8D11-00A0C91BC942}") = "Event2keyWM", "Event2keyWM.vcproj", "{4550888C-8D55-4B4B-A803-7F454E285991}"
EndProject
Global
	GlobalSection(SolutionConfigurationPlatforms) = preSolution
		Debug|Windows Mobile 6.5.3 Professional DTK (ARMV4I) = Debug|Windows Mobile 6.5.3 Professional DTK (ARMV4I)
		Release|Windows Mobile 6.5.3 Professional DTK (ARMV4I) = Release|Windows Mobile 6.5.3 Professional DTK (ARMV4I)
	EndGlobalSection
	GlobalSection(ProjectConfigurationPlatforms) = postSolution
		{4550888C-8D55-4B4B-A803-7F454E285991}.Debug|Windows Mobile 6.5.3 Professional DTK (ARMV4I).ActiveCfg = Debug|Windows Mobile 6.5.3 Professional DTK (ARMV4I)
		{4550888C-8D55-4B4B-A803-7F454E285991}.Debug|Windows Mobile 6.5.3 Professional DTK (ARMV4I).Build.0 = Debug|Windows Mobile 6.5.3 Professional DTK (ARMV4I)
		{4550888C-8D55-4B4B-A803-7F454E285991}.Debug|Windows Mobile 6.5.3 Professional DTK (ARMV4I).Deploy.0 = Debug|Windows Mobile 6.5.3 Professional DTK (ARMV4I)
		{4550888C-8D55-4B4B-A803-7F454E285991}.Release|Windows Mobile 6.5.3 Professional DTK (ARMV4I).ActiveCfg = Release|Windows Mobile 6.5.3 Professional DTK (ARMV4I)
		{4550888C-8D55-4B4B-A803-7F454E285991}.Release|Windows Mobile 6.5.3 Professional DTK (ARMV4I).Build.0 = Release|Windows Mobile 6.5.3 Professional DTK (ARMV4I)
		{4550888C-8D55-4B4B-A803-7F454E285991}.Release|Windows Mobile 6.5.3 Professional DTK (ARMV4I).Deploy.0 = Release|Windows Mobile 6.5.3 Professional DTK (ARMV4I)
	EndGlobalSection
	GlobalSection(SolutionProperties) = preSolution
		HideSolutionNode = FALSE
	EndGlobalSection
EndGlobal
